
Microsoft Visual Studio Solution File, Format Version 12.00
# Visual Studio Version 17
VisualStudioVersion = 17.5.002.0
MinimumVisualStudioVersion = 10.0.40219.1
Project("{9A19103F-16F7-4668-BE54-9A1E7A4F7556}") = "DreamJournal", "DreamJournal.csproj", "{E51B0A80-7636-4E28-B2F9-5CE9622EF31A}"
EndProject
Global
	GlobalSection(SolutionConfigurationPlatforms) = preSolution
		Debug|Any CPU = Debug|Any CPU
		Release|Any CPU = Release|Any CPU
	EndGlobalSection
	GlobalSection(ProjectConfigurationPlatforms) = postSolution
		{E51B0A80-7636-4E28-B2F9-5CE9622EF31A}.Debug|Any CPU.ActiveCfg = Debug|Any CPU
		{E51B0A80-7636-4E28-B2F9-5CE9622EF31A}.Debug|Any CPU.Build.0 = Debug|Any CPU
		{E51B0A80-7636-4E28-B2F9-5CE9622EF31A}.Release|Any CPU.ActiveCfg = Release|Any CPU
		{E51B0A80-7636-4E28-B2F9-5CE9622EF31A}.Release|Any CPU.Build.0 = Release|Any CPU
	EndGlobalSection
	GlobalSection(SolutionProperties) = preSolution
		HideSolutionNode = FALSE
	EndGlobalSection
	GlobalSection(ExtensibilityGlobals) = postSolution
		SolutionGuid = {3C376CE6-528A-4B4F-8B44-B1DE1E9DBFCB}
	EndGlobalSection
EndGlobal
